
Microsoft Visual Studio Solution File, Format Version 12.00
# Visual Studio 15
VisualStudioVersion = 15.0.26430.16
MinimumVisualStudioVersion = 10.0.40219.1
Project("{FAE04EC0-301F-11D3-BF4B-00C04F79EFBC}") = "ListDemo", "ListDemo\ListDemo.csproj", "{383EFD04-B48C-4329-AE57-634BF0194ECE}"
EndProject
Global
	GlobalSection(SolutionConfigurationPlatforms) = preSolution
		Debug|Any CPU = Debug|Any CPU
		Release|Any CPU = Release|Any CPU
	EndGlobalSection
	GlobalSection(ProjectConfigurationPlatforms) = postSolution
		{383EFD04-B48C-4329-AE57-634BF0194ECE}.Debug|Any CPU.ActiveCfg = Debug|Any CPU
		{383EFD04-B48C-4329-AE57-634BF0194ECE}.Debug|Any CPU.Build.0 = Debug|Any CPU
		{383EFD04-B48C-4329-AE57-634BF0194ECE}.Debug|Any CPU.Deploy.0 = Debug|Any CPU
		{383EFD04-B48C-4329-AE57-634BF0194ECE}.Release|Any CPU.ActiveCfg = Release|Any CPU
		{383EFD04-B48C-4329-AE57-634BF0194ECE}.Release|Any CPU.Build.0 = Release|Any CPU
		{383EFD04-B48C-4329-AE57-634BF0194ECE}.Release|Any CPU.Deploy.0 = Release|Any CPU
	EndGlobalSection
	GlobalSection(SolutionProperties) = preSolution
		HideSolutionNode = FALSE
	EndGlobalSection
EndGlobal
