
Microsoft Visual Studio Solution File, Format Version 12.00
# Visual Studio 15
VisualStudioVersion = 15.0.26430.16
MinimumVisualStudioVersion = 10.0.40219.1
Project("{FAE04EC0-301F-11D3-BF4B-00C04F79EFBC}") = "AndroidLocalization", "AndroidLocalization\AndroidLocalization.csproj", "{FEEC45D9-98F0-4562-8956-67D7DE0933B2}"
EndProject
Global
	GlobalSection(SolutionConfigurationPlatforms) = preSolution
		Debug|Any CPU = Debug|Any CPU
		Release|Any CPU = Release|Any CPU
	EndGlobalSection
	GlobalSection(ProjectConfigurationPlatforms) = postSolution
		{FEEC45D9-98F0-4562-8956-67D7DE0933B2}.Debug|Any CPU.ActiveCfg = Debug|Any CPU
		{FEEC45D9-98F0-4562-8956-67D7DE0933B2}.Debug|Any CPU.Build.0 = Debug|Any CPU
		{FEEC45D9-98F0-4562-8956-67D7DE0933B2}.Debug|Any CPU.Deploy.0 = Debug|Any CPU
		{FEEC45D9-98F0-4562-8956-67D7DE0933B2}.Release|Any CPU.ActiveCfg = Release|Any CPU
		{FEEC45D9-98F0-4562-8956-67D7DE0933B2}.Release|Any CPU.Build.0 = Release|Any CPU
		{FEEC45D9-98F0-4562-8956-67D7DE0933B2}.Release|Any CPU.Deploy.0 = Release|Any CPU
	EndGlobalSection
	GlobalSection(SolutionProperties) = preSolution
		HideSolutionNode = FALSE
	EndGlobalSection
EndGlobal
